
Microsoft Visual Studio Solution File, Format Version 12.00
# Visual Studio Version 17
VisualStudioVersion = 17.0.32002.185
MinimumVisualStudioVersion = 10.0.40219.1
Project("{9A19103F-16F7-4668-BE54-9A1E7A4F7556}") = "1", "2021\1\1.csproj", "{6BA7B2B1-8AC2-4EB5-8BA7-BC7ECD544DAB}"
EndProject
Project("{9A19103F-16F7-4668-BE54-9A1E7A4F7556}") = "6", "2021\6\6.csproj", "{04BA4F27-CC37-45A6-8DF4-0AE64D329FB7}"
EndProject
Project("{9A19103F-16F7-4668-BE54-9A1E7A4F7556}") = "7", "2021\7\7.csproj", "{BA0210C9-952A-421F-9667-78577CCDF680}"
EndProject
Project("{9A19103F-16F7-4668-BE54-9A1E7A4F7556}") = "2", "2021\2\2.csproj", "{E2BC2965-8A6B-4917-AB64-915CAACF1F7A}"
EndProject
Project("{9A19103F-16F7-4668-BE54-9A1E7A4F7556}") = "3", "2021\3\3.csproj", "{D072B684-E4C0-47C7-B4F3-5A2BBE4F0AF0}"
EndProject
Project("{9A19103F-16F7-4668-BE54-9A1E7A4F7556}") = "4", "2021\4\4.csproj", "{95FB8981-FA1A-4444-98AB-E5E0802752D1}"
EndProject
Project("{9A19103F-16F7-4668-BE54-9A1E7A4F7556}") = "5", "2021\5\5.csproj", "{F75BC634-067A-49D8-80F5-AD0231A2AE9E}"
EndProject
Project("{9A19103F-16F7-4668-BE54-9A1E7A4F7556}") = "8", "2021\8\8.csproj", "{4F5C8866-980A-4822-A41C-EFAF08E4BE2B}"
EndProject
Project("{9A19103F-16F7-4668-BE54-9A1E7A4F7556}") = "common", "common\common.csproj", "{BC0070CC-EFFA-4AC5-929E-59E834A74C1B}"
EndProject
Project("{9A19103F-16F7-4668-BE54-9A1E7A4F7556}") = "9", "2021\9\9.csproj", "{B94BDA39-18EC-4660-83DA-35D827B6E5B9}"
EndProject
Project("{9A19103F-16F7-4668-BE54-9A1E7A4F7556}") = "10", "2021\10\10.csproj", "{C3762365-70D0-4DAD-A97C-3A7C169443CE}"
EndProject
Project("{9A19103F-16F7-4668-BE54-9A1E7A4F7556}") = "11", "2021\11\11.csproj", "{E673F644-CEDC-4E6D-AB04-30B46CCBEAA7}"
EndProject
Project("{9A19103F-16F7-4668-BE54-9A1E7A4F7556}") = "12", "2021\12\12.csproj", "{1F98AACA-2D0F-4214-B104-C4A0BEF12CDB}"
EndProject
Project("{9A19103F-16F7-4668-BE54-9A1E7A4F7556}") = "13", "2021\13\13.csproj", "{EFCD5E57-5006-45AF-9EE7-B17D9E873740}"
EndProject
Project("{9A19103F-16F7-4668-BE54-9A1E7A4F7556}") = "14", "2021\14\14.csproj", "{3621DCCC-5BDA-4A8A-BDA3-6813B4F752D6}"
EndProject
Project("{9A19103F-16F7-4668-BE54-9A1E7A4F7556}") = "15", "2021\15\15.csproj", "{9EF60C2B-B036-4CAF-ADED-25D324935A31}"
EndProject
Project("{9A19103F-16F7-4668-BE54-9A1E7A4F7556}") = "16", "2021\16\16.csproj", "{E65CB0C9-3CE4-4E18-A8EA-3B02D2F97680}"
EndProject
Project("{9A19103F-16F7-4668-BE54-9A1E7A4F7556}") = "17", "2021\17\17.csproj", "{8A7C67E1-F572-4A37-A38D-78765742A320}"
EndProject
Project("{9A19103F-16F7-4668-BE54-9A1E7A4F7556}") = "18", "2021\18\18.csproj", "{40CFC70B-D70B-4D4C-B364-6B0072A1AB7E}"
EndProject
Project("{9A19103F-16F7-4668-BE54-9A1E7A4F7556}") = "19", "2021\19\19.csproj", "{118A18D2-AE8D-43E7-8233-0E7C40BFFEC5}"
EndProject
Project("{9A19103F-16F7-4668-BE54-9A1E7A4F7556}") = "Test", "Test\Test.csproj", "{03BD10A5-4A22-4642-8121-5E06806861A2}"
EndProject
Project("{9A19103F-16F7-4668-BE54-9A1E7A4F7556}") = "20", "2021\20\20.csproj", "{A6404EBC-410C-46E6-9934-B5788EE9E45C}"
EndProject
Project("{9A19103F-16F7-4668-BE54-9A1E7A4F7556}") = "21", "2021\21\21.csproj", "{0A050A5F-6928-41FB-808F-5EA1C2FBE9A7}"
EndProject
Project("{9A19103F-16F7-4668-BE54-9A1E7A4F7556}") = "22", "2021\22\22.csproj", "{3106A9C7-933D-4A89-BD20-C7EA1A52398A}"
EndProject
Project("{9A19103F-16F7-4668-BE54-9A1E7A4F7556}") = "23", "2021\23\23.csproj", "{C413FADA-FCE8-4303-9850-005FF1415B77}"
EndProject
Project("{9A19103F-16F7-4668-BE54-9A1E7A4F7556}") = "24", "2021\24\24.csproj", "{14B35229-42CB-49E6-8911-D0CA82F9AB4B}"
EndProject
Project("{2150E333-8FDC-42A3-9474-1A3956D46DE8}") = "2021", "2021", "{DEC9D39E-6343-4AC5-8910-488D7FBA0921}"
EndProject
Project("{2150E333-8FDC-42A3-9474-1A3956D46DE8}") = "2022", "2022", "{F79573DD-1B81-487C-A5BF-28DE8C826E09}"
EndProject
Project("{9A19103F-16F7-4668-BE54-9A1E7A4F7556}") = "1", "2022\1\1.csproj", "{96B1CB70-5BCA-4603-A10D-8EDB838BA2CF}"
EndProject
Project("{9A19103F-16F7-4668-BE54-9A1E7A4F7556}") = "2", "2022\2\2.csproj", "{CB260C95-230A-4075-B517-BCF74CF719A5}"
EndProject
Project("{9A19103F-16F7-4668-BE54-9A1E7A4F7556}") = "25", "2021\25\25.csproj", "{481FD7E8-9B03-4BEA-B420-058B6CA0C67A}"
EndProject
Project("{2150E333-8FDC-42A3-9474-1A3956D46DE8}") = "2020", "2020", "{1A1EB6AF-9D75-4083-A37F-08D7C3794350}"
EndProject
Project("{9A19103F-16F7-4668-BE54-9A1E7A4F7556}") = "d1", "2020\d1\d1\d1.csproj", "{797691D3-08AB-4FE1-86FD-3B6E6EA96DBE}"
EndProject
Project("{9A19103F-16F7-4668-BE54-9A1E7A4F7556}") = "d2", "2020\d2\d2.csproj", "{8CBFAF5A-6687-4866-85D6-3589E190C28A}"
EndProject
Project("{9A19103F-16F7-4668-BE54-9A1E7A4F7556}") = "d3", "2020\d3\d3.csproj", "{41746724-519D-43B3-8471-6765C4959828}"
EndProject
Project("{9A19103F-16F7-4668-BE54-9A1E7A4F7556}") = "d4", "2020\d4\d4.csproj", "{F5F52A7D-2ECC-4E19-94A3-298F2998B456}"
EndProject
Project("{9A19103F-16F7-4668-BE54-9A1E7A4F7556}") = "d5", "2020\d5\d5.csproj", "{3CA85426-75A0-4D79-8C92-BEE346189005}"
EndProject
Project("{9A19103F-16F7-4668-BE54-9A1E7A4F7556}") = "3", "2022\3\3.csproj", "{C493B82C-3C80-42DA-B9D9-067E753512F9}"
EndProject
Project("{9A19103F-16F7-4668-BE54-9A1E7A4F7556}") = "4", "2022\4\4.csproj", "{0F8F6602-FA47-4F71-9A87-218380929595}"
EndProject
Project("{9A19103F-16F7-4668-BE54-9A1E7A4F7556}") = "5", "2022\5\5.csproj", "{0CB4AAAA-5D1A-4F6F-A86B-90B7627EF83C}"
EndProject
Project("{2150E333-8FDC-42A3-9474-1A3956D46DE8}") = "2019", "2019", "{246FB98C-C7FA-418C-95DB-89C0B9C344BE}"
EndProject
Project("{FAE04EC0-301F-11D3-BF4B-00C04F79EFBC}") = "1", "2019\1\1.csproj", "{8CB4F46A-2770-4C31-B1C8-AB24C12F1336}"
EndProject
Global
	GlobalSection(SolutionConfigurationPlatforms) = preSolution
		Debug|Any CPU = Debug|Any CPU
		Release|Any CPU = Release|Any CPU
	EndGlobalSection
	GlobalSection(ProjectConfigurationPlatforms) = postSolution
		{6BA7B2B1-8AC2-4EB5-8BA7-BC7ECD544DAB}.Debug|Any CPU.ActiveCfg = Debug|Any CPU
		{6BA7B2B1-8AC2-4EB5-8BA7-BC7ECD544DAB}.Debug|Any CPU.Build.0 = Debug|Any CPU
		{6BA7B2B1-8AC2-4EB5-8BA7-BC7ECD544DAB}.Release|Any CPU.ActiveCfg = Release|Any CPU
		{6BA7B2B1-8AC2-4EB5-8BA7-BC7ECD544DAB}.Release|Any CPU.Build.0 = Release|Any CPU
		{04BA4F27-CC37-45A6-8DF4-0AE64D329FB7}.Debug|Any CPU.ActiveCfg = Debug|Any CPU
		{04BA4F27-CC37-45A6-8DF4-0AE64D329FB7}.Debug|Any CPU.Build.0 = Debug|Any CPU
		{04BA4F27-CC37-45A6-8DF4-0AE64D329FB7}.Release|Any CPU.ActiveCfg = Release|Any CPU
		{04BA4F27-CC37-45A6-8DF4-0AE64D329FB7}.Release|Any CPU.Build.0 = Release|Any CPU
		{BA0210C9-952A-421F-9667-78577CCDF680}.Debug|Any CPU.ActiveCfg = Debug|Any CPU
		{BA0210C9-952A-421F-9667-78577CCDF680}.Debug|Any CPU.Build.0 = Debug|Any CPU
		{BA0210C9-952A-421F-9667-78577CCDF680}.Release|Any CPU.ActiveCfg = Release|Any CPU
		{BA0210C9-952A-421F-9667-78577CCDF680}.Release|Any CPU.Build.0 = Release|Any CPU
		{E2BC2965-8A6B-4917-AB64-915CAACF1F7A}.Debug|Any CPU.ActiveCfg = Debug|Any CPU
		{E2BC2965-8A6B-4917-AB64-915CAACF1F7A}.Debug|Any CPU.Build.0 = Debug|Any CPU
		{E2BC2965-8A6B-4917-AB64-915CAACF1F7A}.Release|Any CPU.ActiveCfg = Release|Any CPU
		{E2BC2965-8A6B-4917-AB64-915CAACF1F7A}.Release|Any CPU.Build.0 = Release|Any CPU
		{D072B684-E4C0-47C7-B4F3-5A2BBE4F0AF0}.Debug|Any CPU.ActiveCfg = Debug|Any CPU
		{D072B684-E4C0-47C7-B4F3-5A2BBE4F0AF0}.Debug|Any CPU.Build.0 = Debug|Any CPU
		{D072B684-E4C0-47C7-B4F3-5A2BBE4F0AF0}.Release|Any CPU.ActiveCfg = Release|Any CPU
		{D072B684-E4C0-47C7-B4F3-5A2BBE4F0AF0}.Release|Any CPU.Build.0 = Release|Any CPU
		{95FB8981-FA1A-4444-98AB-E5E0802752D1}.Debug|Any CPU.ActiveCfg = Debug|Any CPU
		{95FB8981-FA1A-4444-98AB-E5E0802752D1}.Debug|Any CPU.Build.0 = Debug|Any CPU
		{95FB8981-FA1A-4444-98AB-E5E0802752D1}.Release|Any CPU.ActiveCfg = Release|Any CPU
		{95FB8981-FA1A-4444-98AB-E5E0802752D1}.Release|Any CPU.Build.0 = Release|Any CPU
		{F75BC634-067A-49D8-80F5-AD0231A2AE9E}.Debug|Any CPU.ActiveCfg = Debug|Any CPU
		{F75BC634-067A-49D8-80F5-AD0231A2AE9E}.Debug|Any CPU.Build.0 = Debug|Any CPU
		{F75BC634-067A-49D8-80F5-AD0231A2AE9E}.Release|Any CPU.ActiveCfg = Release|Any CPU
		{F75BC634-067A-49D8-80F5-AD0231A2AE9E}.Release|Any CPU.Build.0 = Release|Any CPU
		{4F5C8866-980A-4822-A41C-EFAF08E4BE2B}.Debug|Any CPU.ActiveCfg = Debug|Any CPU
		{4F5C8866-980A-4822-A41C-EFAF08E4BE2B}.Debug|Any CPU.Build.0 = Debug|Any CPU
		{4F5C8866-980A-4822-A41C-EFAF08E4BE2B}.Release|Any CPU.ActiveCfg = Release|Any CPU
		{4F5C8866-980A-4822-A41C-EFAF08E4BE2B}.Release|Any CPU.Build.0 = Release|Any CPU
		{BC0070CC-EFFA-4AC5-929E-59E834A74C1B}.Debug|Any CPU.ActiveCfg = Debug|Any CPU
		{BC0070CC-EFFA-4AC5-929E-59E834A74C1B}.Debug|Any CPU.Build.0 = Debug|Any CPU
		{BC0070CC-EFFA-4AC5-929E-59E834A74C1B}.Release|Any CPU.ActiveCfg = Release|Any CPU
		{BC0070CC-EFFA-4AC5-929E-59E834A74C1B}.Release|Any CPU.Build.0 = Release|Any CPU
		{B94BDA39-18EC-4660-83DA-35D827B6E5B9}.Debug|Any CPU.ActiveCfg = Debug|Any CPU
		{B94BDA39-18EC-4660-83DA-35D827B6E5B9}.Debug|Any CPU.Build.0 = Debug|Any CPU
		{B94BDA39-18EC-4660-83DA-35D827B6E5B9}.Release|Any CPU.ActiveCfg = Release|Any CPU
		{B94BDA39-18EC-4660-83DA-35D827B6E5B9}.Release|Any CPU.Build.0 = Release|Any CPU
		{C3762365-70D0-4DAD-A97C-3A7C169443CE}.Debug|Any CPU.ActiveCfg = Debug|Any CPU
		{C3762365-70D0-4DAD-A97C-3A7C169443CE}.Debug|Any CPU.Build.0 = Debug|Any CPU
		{C3762365-70D0-4DAD-A97C-3A7C169443CE}.Release|Any CPU.ActiveCfg = Release|Any CPU
		{C3762365-70D0-4DAD-A97C-3A7C169443CE}.Release|Any CPU.Build.0 = Release|Any CPU
		{E673F644-CEDC-4E6D-AB04-30B46CCBEAA7}.Debug|Any CPU.ActiveCfg = Debug|Any CPU
		{E673F644-CEDC-4E6D-AB04-30B46CCBEAA7}.Debug|Any CPU.Build.0 = Debug|Any CPU
		{E673F644-CEDC-4E6D-AB04-30B46CCBEAA7}.Release|Any CPU.ActiveCfg = Release|Any CPU
		{E673F644-CEDC-4E6D-AB04-30B46CCBEAA7}.Release|Any CPU.Build.0 = Release|Any CPU
		{1F98AACA-2D0F-4214-B104-C4A0BEF12CDB}.Debug|Any CPU.ActiveCfg = Debug|Any CPU
		{1F98AACA-2D0F-4214-B104-C4A0BEF12CDB}.Debug|Any CPU.Build.0 = Debug|Any CPU
		{1F98AACA-2D0F-4214-B104-C4A0BEF12CDB}.Release|Any CPU.ActiveCfg = Release|Any CPU
		{1F98AACA-2D0F-4214-B104-C4A0BEF12CDB}.Release|Any CPU.Build.0 = Release|Any CPU
		{EFCD5E57-5006-45AF-9EE7-B17D9E873740}.Debug|Any CPU.ActiveCfg = Debug|Any CPU
		{EFCD5E57-5006-45AF-9EE7-B17D9E873740}.Debug|Any CPU.Build.0 = Debug|Any CPU
		{EFCD5E57-5006-45AF-9EE7-B17D9E873740}.Release|Any CPU.ActiveCfg = Release|Any CPU
		{EFCD5E57-5006-45AF-9EE7-B17D9E873740}.Release|Any CPU.Build.0 = Release|Any CPU
		{3621DCCC-5BDA-4A8A-BDA3-6813B4F752D6}.Debug|Any CPU.ActiveCfg = Debug|Any CPU
		{3621DCCC-5BDA-4A8A-BDA3-6813B4F752D6}.Debug|Any CPU.Build.0 = Debug|Any CPU
		{3621DCCC-5BDA-4A8A-BDA3-6813B4F752D6}.Release|Any CPU.ActiveCfg = Release|Any CPU
		{3621DCCC-5BDA-4A8A-BDA3-6813B4F752D6}.Release|Any CPU.Build.0 = Release|Any CPU
		{9EF60C2B-B036-4CAF-ADED-25D324935A31}.Debug|Any CPU.ActiveCfg = Debug|Any CPU
		{9EF60C2B-B036-4CAF-ADED-25D324935A31}.Debug|Any CPU.Build.0 = Debug|Any CPU
		{9EF60C2B-B036-4CAF-ADED-25D324935A31}.Release|Any CPU.ActiveCfg = Release|Any CPU
		{9EF60C2B-B036-4CAF-ADED-25D324935A31}.Release|Any CPU.Build.0 = Release|Any CPU
		{E65CB0C9-3CE4-4E18-A8EA-3B02D2F97680}.Debug|Any CPU.ActiveCfg = Debug|Any CPU
		{E65CB0C9-3CE4-4E18-A8EA-3B02D2F97680}.Debug|Any CPU.Build.0 = Debug|Any CPU
		{E65CB0C9-3CE4-4E18-A8EA-3B02D2F97680}.Release|Any CPU.ActiveCfg = Release|Any CPU
		{E65CB0C9-3CE4-4E18-A8EA-3B02D2F97680}.Release|Any CPU.Build.0 = Release|Any CPU
		{8A7C67E1-F572-4A37-A38D-78765742A320}.Debug|Any CPU.ActiveCfg = Debug|Any CPU
		{8A7C67E1-F572-4A37-A38D-78765742A320}.Debug|Any CPU.Build.0 = Debug|Any CPU
		{8A7C67E1-F572-4A37-A38D-78765742A320}.Release|Any CPU.ActiveCfg = Release|Any CPU
		{8A7C67E1-F572-4A37-A38D-78765742A320}.Release|Any CPU.Build.0 = Release|Any CPU
		{40CFC70B-D70B-4D4C-B364-6B0072A1AB7E}.Debug|Any CPU.ActiveCfg = Debug|Any CPU
		{40CFC70B-D70B-4D4C-B364-6B0072A1AB7E}.Debug|Any CPU.Build.0 = Debug|Any CPU
		{40CFC70B-D70B-4D4C-B364-6B0072A1AB7E}.Release|Any CPU.ActiveCfg = Release|Any CPU
		{40CFC70B-D70B-4D4C-B364-6B0072A1AB7E}.Release|Any CPU.Build.0 = Release|Any CPU
		{118A18D2-AE8D-43E7-8233-0E7C40BFFEC5}.Debug|Any CPU.ActiveCfg = Debug|Any CPU
		{118A18D2-AE8D-43E7-8233-0E7C40BFFEC5}.Debug|Any CPU.Build.0 = Debug|Any CPU
		{118A18D2-AE8D-43E7-8233-0E7C40BFFEC5}.Release|Any CPU.ActiveCfg = Release|Any CPU
		{118A18D2-AE8D-43E7-8233-0E7C40BFFEC5}.Release|Any CPU.Build.0 = Release|Any CPU
		{03BD10A5-4A22-4642-8121-5E06806861A2}.Debug|Any CPU.ActiveCfg = Debug|Any CPU
		{03BD10A5-4A22-4642-8121-5E06806861A2}.Debug|Any CPU.Build.0 = Debug|Any CPU
		{03BD10A5-4A22-4642-8121-5E06806861A2}.Release|Any CPU.ActiveCfg = Release|Any CPU
		{03BD10A5-4A22-4642-8121-5E06806861A2}.Release|Any CPU.Build.0 = Release|Any CPU
		{A6404EBC-410C-46E6-9934-B5788EE9E45C}.Debug|Any CPU.ActiveCfg = Debug|Any CPU
		{A6404EBC-410C-46E6-9934-B5788EE9E45C}.Debug|Any CPU.Build.0 = Debug|Any CPU
		{A6404EBC-410C-46E6-9934-B5788EE9E45C}.Release|Any CPU.ActiveCfg = Release|Any CPU
		{A6404EBC-410C-46E6-9934-B5788EE9E45C}.Release|Any CPU.Build.0 = Release|Any CPU
		{0A050A5F-6928-41FB-808F-5EA1C2FBE9A7}.Debug|Any CPU.ActiveCfg = Debug|Any CPU
		{0A050A5F-6928-41FB-808F-5EA1C2FBE9A7}.Debug|Any CPU.Build.0 = Debug|Any CPU
		{0A050A5F-6928-41FB-808F-5EA1C2FBE9A7}.Release|Any CPU.ActiveCfg = Release|Any CPU
		{0A050A5F-6928-41FB-808F-5EA1C2FBE9A7}.Release|Any CPU.Build.0 = Release|Any CPU
		{3106A9C7-933D-4A89-BD20-C7EA1A52398A}.Debug|Any CPU.ActiveCfg = Debug|Any CPU
		{3106A9C7-933D-4A89-BD20-C7EA1A52398A}.Debug|Any CPU.Build.0 = Debug|Any CPU
		{3106A9C7-933D-4A89-BD20-C7EA1A52398A}.Release|Any CPU.ActiveCfg = Release|Any CPU
		{3106A9C7-933D-4A89-BD20-C7EA1A52398A}.Release|Any CPU.Build.0 = Release|Any CPU
		{C413FADA-FCE8-4303-9850-005FF1415B77}.Debug|Any CPU.ActiveCfg = Debug|Any CPU
		{C413FADA-FCE8-4303-9850-005FF1415B77}.Debug|Any CPU.Build.0 = Debug|Any CPU
		{C413FADA-FCE8-4303-9850-005FF1415B77}.Release|Any CPU.ActiveCfg = Release|Any CPU
		{C413FADA-FCE8-4303-9850-005FF1415B77}.Release|Any CPU.Build.0 = Release|Any CPU
		{14B35229-42CB-49E6-8911-D0CA82F9AB4B}.Debug|Any CPU.ActiveCfg = Debug|Any CPU
		{14B35229-42CB-49E6-8911-D0CA82F9AB4B}.Debug|Any CPU.Build.0 = Debug|Any CPU
		{14B35229-42CB-49E6-8911-D0CA82F9AB4B}.Release|Any CPU.ActiveCfg = Release|Any CPU
		{14B35229-42CB-49E6-8911-D0CA82F9AB4B}.Release|Any CPU.Build.0 = Release|Any CPU
		{96B1CB70-5BCA-4603-A10D-8EDB838BA2CF}.Debug|Any CPU.ActiveCfg = Debug|Any CPU
		{96B1CB70-5BCA-4603-A10D-8EDB838BA2CF}.Debug|Any CPU.Build.0 = Debug|Any CPU
		{96B1CB70-5BCA-4603-A10D-8EDB838BA2CF}.Release|Any CPU.ActiveCfg = Release|Any CPU
		{96B1CB70-5BCA-4603-A10D-8EDB838BA2CF}.Release|Any CPU.Build.0 = Release|Any CPU
		{CB260C95-230A-4075-B517-BCF74CF719A5}.Debug|Any CPU.ActiveCfg = Debug|Any CPU
		{CB260C95-230A-4075-B517-BCF74CF719A5}.Debug|Any CPU.Build.0 = Debug|Any CPU
		{CB260C95-230A-4075-B517-BCF74CF719A5}.Release|Any CPU.ActiveCfg = Release|Any CPU
		{CB260C95-230A-4075-B517-BCF74CF719A5}.Release|Any CPU.Build.0 = Release|Any CPU
		{481FD7E8-9B03-4BEA-B420-058B6CA0C67A}.Debug|Any CPU.ActiveCfg = Debug|Any CPU
		{481FD7E8-9B03-4BEA-B420-058B6CA0C67A}.Debug|Any CPU.Build.0 = Debug|Any CPU
		{481FD7E8-9B03-4BEA-B420-058B6CA0C67A}.Release|Any CPU.ActiveCfg = Release|Any CPU
		{481FD7E8-9B03-4BEA-B420-058B6CA0C67A}.Release|Any CPU.Build.0 = Release|Any CPU
		{797691D3-08AB-4FE1-86FD-3B6E6EA96DBE}.Debug|Any CPU.ActiveCfg = Debug|Any CPU
		{797691D3-08AB-4FE1-86FD-3B6E6EA96DBE}.Debug|Any CPU.Build.0 = Debug|Any CPU
		{797691D3-08AB-4FE1-86FD-3B6E6EA96DBE}.Release|Any CPU.ActiveCfg = Release|Any CPU
		{797691D3-08AB-4FE1-86FD-3B6E6EA96DBE}.Release|Any CPU.Build.0 = Release|Any CPU
		{8CBFAF5A-6687-4866-85D6-3589E190C28A}.Debug|Any CPU.ActiveCfg = Debug|Any CPU
		{8CBFAF5A-6687-4866-85D6-3589E190C28A}.Debug|Any CPU.Build.0 = Debug|Any CPU
		{8CBFAF5A-6687-4866-85D6-3589E190C28A}.Release|Any CPU.ActiveCfg = Release|Any CPU
		{8CBFAF5A-6687-4866-85D6-3589E190C28A}.Release|Any CPU.Build.0 = Release|Any CPU
		{41746724-519D-43B3-8471-6765C4959828}.Debug|Any CPU.ActiveCfg = Debug|Any CPU
		{41746724-519D-43B3-8471-6765C4959828}.Debug|Any CPU.Build.0 = Debug|Any CPU
		{41746724-519D-43B3-8471-6765C4959828}.Release|Any CPU.ActiveCfg = Release|Any CPU
		{41746724-519D-43B3-8471-6765C4959828}.Release|Any CPU.Build.0 = Release|Any CPU
		{F5F52A7D-2ECC-4E19-94A3-298F2998B456}.Debug|Any CPU.ActiveCfg = Debug|Any CPU
		{F5F52A7D-2ECC-4E19-94A3-298F2998B456}.Debug|Any CPU.Build.0 = Debug|Any CPU
		{F5F52A7D-2ECC-4E19-94A3-298F2998B456}.Release|Any CPU.ActiveCfg = Release|Any CPU
		{F5F52A7D-2ECC-4E19-94A3-298F2998B456}.Release|Any CPU.Build.0 = Release|Any CPU
		{3CA85426-75A0-4D79-8C92-BEE346189005}.Debug|Any CPU.ActiveCfg = Debug|Any CPU
		{3CA85426-75A0-4D79-8C92-BEE346189005}.Debug|Any CPU.Build.0 = Debug|Any CPU
		{3CA85426-75A0-4D79-8C92-BEE346189005}.Release|Any CPU.ActiveCfg = Release|Any CPU
		{3CA85426-75A0-4D79-8C92-BEE346189005}.Release|Any CPU.Build.0 = Release|Any CPU
		{C493B82C-3C80-42DA-B9D9-067E753512F9}.Debug|Any CPU.ActiveCfg = Debug|Any CPU
		{C493B82C-3C80-42DA-B9D9-067E753512F9}.Debug|Any CPU.Build.0 = Debug|Any CPU
		{C493B82C-3C80-42DA-B9D9-067E753512F9}.Release|Any CPU.ActiveCfg = Release|Any CPU
		{C493B82C-3C80-42DA-B9D9-067E753512F9}.Release|Any CPU.Build.0 = Release|Any CPU
		{0F8F6602-FA47-4F71-9A87-218380929595}.Debug|Any CPU.ActiveCfg = Debug|Any CPU
		{0F8F6602-FA47-4F71-9A87-218380929595}.Debug|Any CPU.Build.0 = Debug|Any CPU
		{0F8F6602-FA47-4F71-9A87-218380929595}.Release|Any CPU.ActiveCfg = Release|Any CPU
		{0F8F6602-FA47-4F71-9A87-218380929595}.Release|Any CPU.Build.0 = Release|Any CPU
		{0CB4AAAA-5D1A-4F6F-A86B-90B7627EF83C}.Debug|Any CPU.ActiveCfg = Debug|Any CPU
		{0CB4AAAA-5D1A-4F6F-A86B-90B7627EF83C}.Debug|Any CPU.Build.0 = Debug|Any CPU
		{0CB4AAAA-5D1A-4F6F-A86B-90B7627EF83C}.Release|Any CPU.ActiveCfg = Release|Any CPU
		{0CB4AAAA-5D1A-4F6F-A86B-90B7627EF83C}.Release|Any CPU.Build.0 = Release|Any CPU
		{8CB4F46A-2770-4C31-B1C8-AB24C12F1336}.Debug|Any CPU.ActiveCfg = Debug|Any CPU
		{8CB4F46A-2770-4C31-B1C8-AB24C12F1336}.Debug|Any CPU.Build.0 = Debug|Any CPU
		{8CB4F46A-2770-4C31-B1C8-AB24C12F1336}.Release|Any CPU.ActiveCfg = Release|Any CPU
		{8CB4F46A-2770-4C31-B1C8-AB24C12F1336}.Release|Any CPU.Build.0 = Release|Any CPU
	EndGlobalSection
	GlobalSection(SolutionProperties) = preSolution
		HideSolutionNode = FALSE
	EndGlobalSection
	GlobalSection(NestedProjects) = preSolution
		{6BA7B2B1-8AC2-4EB5-8BA7-BC7ECD544DAB} = {DEC9D39E-6343-4AC5-8910-488D7FBA0921}
		{04BA4F27-CC37-45A6-8DF4-0AE64D329FB7} = {DEC9D39E-6343-4AC5-8910-488D7FBA0921}
		{BA0210C9-952A-421F-9667-78577CCDF680} = {DEC9D39E-6343-4AC5-8910-488D7FBA0921}
		{E2BC2965-8A6B-4917-AB64-915CAACF1F7A} = {DEC9D39E-6343-4AC5-8910-488D7FBA0921}
		{D072B684-E4C0-47C7-B4F3-5A2BBE4F0AF0} = {DEC9D39E-6343-4AC5-8910-488D7FBA0921}
		{95FB8981-FA1A-4444-98AB-E5E0802752D1} = {DEC9D39E-6343-4AC5-8910-488D7FBA0921}
		{F75BC634-067A-49D8-80F5-AD0231A2AE9E} = {DEC9D39E-6343-4AC5-8910-488D7FBA0921}
		{4F5C8866-980A-4822-A41C-EFAF08E4BE2B} = {DEC9D39E-6343-4AC5-8910-488D7FBA0921}
		{B94BDA39-18EC-4660-83DA-35D827B6E5B9} = {DEC9D39E-6343-4AC5-8910-488D7FBA0921}
		{C3762365-70D0-4DAD-A97C-3A7C169443CE} = {DEC9D39E-6343-4AC5-8910-488D7FBA0921}
		{E673F644-CEDC-4E6D-AB04-30B46CCBEAA7} = {DEC9D39E-6343-4AC5-8910-488D7FBA0921}
		{1F98AACA-2D0F-4214-B104-C4A0BEF12CDB} = {DEC9D39E-6343-4AC5-8910-488D7FBA0921}
		{EFCD5E57-5006-45AF-9EE7-B17D9E873740} = {DEC9D39E-6343-4AC5-8910-488D7FBA0921}
		{3621DCCC-5BDA-4A8A-BDA3-6813B4F752D6} = {DEC9D39E-6343-4AC5-8910-488D7FBA0921}
		{9EF60C2B-B036-4CAF-ADED-25D324935A31} = {DEC9D39E-6343-4AC5-8910-488D7FBA0921}
		{E65CB0C9-3CE4-4E18-A8EA-3B02D2F97680} = {DEC9D39E-6343-4AC5-8910-488D7FBA0921}
		{8A7C67E1-F572-4A37-A38D-78765742A320} = {DEC9D39E-6343-4AC5-8910-488D7FBA0921}
		{40CFC70B-D70B-4D4C-B364-6B0072A1AB7E} = {DEC9D39E-6343-4AC5-8910-488D7FBA0921}
		{118A18D2-AE8D-43E7-8233-0E7C40BFFEC5} = {DEC9D39E-6343-4AC5-8910-488D7FBA0921}
		{A6404EBC-410C-46E6-9934-B5788EE9E45C} = {DEC9D39E-6343-4AC5-8910-488D7FBA0921}
		{0A050A5F-6928-41FB-808F-5EA1C2FBE9A7} = {DEC9D39E-6343-4AC5-8910-488D7FBA0921}
		{3106A9C7-933D-4A89-BD20-C7EA1A52398A} = {DEC9D39E-6343-4AC5-8910-488D7FBA0921}
		{C413FADA-FCE8-4303-9850-005FF1415B77} = {DEC9D39E-6343-4AC5-8910-488D7FBA0921}
		{14B35229-42CB-49E6-8911-D0CA82F9AB4B} = {DEC9D39E-6343-4AC5-8910-488D7FBA0921}
		{96B1CB70-5BCA-4603-A10D-8EDB838BA2CF} = {F79573DD-1B81-487C-A5BF-28DE8C826E09}
		{CB260C95-230A-4075-B517-BCF74CF719A5} = {F79573DD-1B81-487C-A5BF-28DE8C826E09}
		{481FD7E8-9B03-4BEA-B420-058B6CA0C67A} = {DEC9D39E-6343-4AC5-8910-488D7FBA0921}
		{797691D3-08AB-4FE1-86FD-3B6E6EA96DBE} = {1A1EB6AF-9D75-4083-A37F-08D7C3794350}
		{8CBFAF5A-6687-4866-85D6-3589E190C28A} = {1A1EB6AF-9D75-4083-A37F-08D7C3794350}
		{41746724-519D-43B3-8471-6765C4959828} = {1A1EB6AF-9D75-4083-A37F-08D7C3794350}
		{F5F52A7D-2ECC-4E19-94A3-298F2998B456} = {1A1EB6AF-9D75-4083-A37F-08D7C3794350}
		{3CA85426-75A0-4D79-8C92-BEE346189005} = {1A1EB6AF-9D75-4083-A37F-08D7C3794350}
		{C493B82C-3C80-42DA-B9D9-067E753512F9} = {F79573DD-1B81-487C-A5BF-28DE8C826E09}
		{0F8F6602-FA47-4F71-9A87-218380929595} = {F79573DD-1B81-487C-A5BF-28DE8C826E09}
		{0CB4AAAA-5D1A-4F6F-A86B-90B7627EF83C} = {F79573DD-1B81-487C-A5BF-28DE8C826E09}
		{8CB4F46A-2770-4C31-B1C8-AB24C12F1336} = {246FB98C-C7FA-418C-95DB-89C0B9C344BE}
	EndGlobalSection
	GlobalSection(ExtensibilityGlobals) = postSolution
		SolutionGuid = {F7F28B16-61E2-4E0D-A67F-3EB2507177A5}
	EndGlobalSection
EndGlobal
