
Microsoft Visual Studio Solution File, Format Version 12.00
# Visual Studio Version 17
VisualStudioVersion = 17.1.32210.238
MinimumVisualStudioVersion = 10.0.40219.1
Project("{9A19103F-16F7-4668-BE54-9A1E7A4F7556}") = "d1", "d1\d1.csproj", "{D902B379-1E68-4EFE-9335-AC5C256E8130}"
EndProject
Project("{9A19103F-16F7-4668-BE54-9A1E7A4F7556}") = "d2", "..\d2\d2.csproj", "{CCC1E07D-993A-4618-903C-65D051D3758F}"
EndProject
Project("{9A19103F-16F7-4668-BE54-9A1E7A4F7556}") = "d3", "..\d3\d3.csproj", "{0EEDADA3-E180-406F-A1E1-FF3E7364A8E6}"
EndProject
Project("{9A19103F-16F7-4668-BE54-9A1E7A4F7556}") = "d4", "..\d4\d4.csproj", "{CE77B118-FBCE-4C76-A8CF-31E083D5E466}"
EndProject
Project("{FAE04EC0-301F-11D3-BF4B-00C04F79EFBC}") = "d5", "..\d5\d5.csproj", "{BCCD333D-D84F-43DC-928F-5A6DB8C220EF}"
EndProject
Global
	GlobalSection(SolutionConfigurationPlatforms) = preSolution
		Debug|Any CPU = Debug|Any CPU
		Release|Any CPU = Release|Any CPU
	EndGlobalSection
	GlobalSection(ProjectConfigurationPlatforms) = postSolution
		{D902B379-1E68-4EFE-9335-AC5C256E8130}.Debug|Any CPU.ActiveCfg = Debug|Any CPU
		{D902B379-1E68-4EFE-9335-AC5C256E8130}.Debug|Any CPU.Build.0 = Debug|Any CPU
		{D902B379-1E68-4EFE-9335-AC5C256E8130}.Release|Any CPU.ActiveCfg = Release|Any CPU
		{D902B379-1E68-4EFE-9335-AC5C256E8130}.Release|Any CPU.Build.0 = Release|Any CPU
		{CCC1E07D-993A-4618-903C-65D051D3758F}.Debug|Any CPU.ActiveCfg = Debug|Any CPU
		{CCC1E07D-993A-4618-903C-65D051D3758F}.Debug|Any CPU.Build.0 = Debug|Any CPU
		{CCC1E07D-993A-4618-903C-65D051D3758F}.Release|Any CPU.ActiveCfg = Release|Any CPU
		{CCC1E07D-993A-4618-903C-65D051D3758F}.Release|Any CPU.Build.0 = Release|Any CPU
		{0EEDADA3-E180-406F-A1E1-FF3E7364A8E6}.Debug|Any CPU.ActiveCfg = Debug|Any CPU
		{0EEDADA3-E180-406F-A1E1-FF3E7364A8E6}.Debug|Any CPU.Build.0 = Debug|Any CPU
		{0EEDADA3-E180-406F-A1E1-FF3E7364A8E6}.Release|Any CPU.ActiveCfg = Release|Any CPU
		{0EEDADA3-E180-406F-A1E1-FF3E7364A8E6}.Release|Any CPU.Build.0 = Release|Any CPU
		{CE77B118-FBCE-4C76-A8CF-31E083D5E466}.Debug|Any CPU.ActiveCfg = Debug|Any CPU
		{CE77B118-FBCE-4C76-A8CF-31E083D5E466}.Debug|Any CPU.Build.0 = Debug|Any CPU
		{CE77B118-FBCE-4C76-A8CF-31E083D5E466}.Release|Any CPU.ActiveCfg = Release|Any CPU
		{CE77B118-FBCE-4C76-A8CF-31E083D5E466}.Release|Any CPU.Build.0 = Release|Any CPU
		{BCCD333D-D84F-43DC-928F-5A6DB8C220EF}.Debug|Any CPU.ActiveCfg = Debug|Any CPU
		{BCCD333D-D84F-43DC-928F-5A6DB8C220EF}.Debug|Any CPU.Build.0 = Debug|Any CPU
		{BCCD333D-D84F-43DC-928F-5A6DB8C220EF}.Release|Any CPU.ActiveCfg = Release|Any CPU
		{BCCD333D-D84F-43DC-928F-5A6DB8C220EF}.Release|Any CPU.Build.0 = Release|Any CPU
	EndGlobalSection
	GlobalSection(SolutionProperties) = preSolution
		HideSolutionNode = FALSE
	EndGlobalSection
	GlobalSection(ExtensibilityGlobals) = postSolution
		SolutionGuid = {1ADBB15A-C440-4CD2-9D8B-FEF9444F8272}
	EndGlobalSection
EndGlobal
